
Microsoft Visual Studio Solution File, Format Version 12.00
# Visual Studio 2015
Project("{FAE04EC0-301F-11D3-BF4B-00C04F79EFBC}") = "RecNow.CSharp.Plugins", "RecNow.CSharp.Plugins.csproj", "{8FF57752-AA0E-C990-2E6D-CD79FE5615B4}"
EndProject
Global
	GlobalSection(SolutionConfigurationPlatforms) = preSolution
		Debug|Any CPU = Debug|Any CPU
		Release|Any CPU = Release|Any CPU
	EndGlobalSection
	GlobalSection(ProjectConfigurationPlatforms) = postSolution
		{8FF57752-AA0E-C990-2E6D-CD79FE5615B4}.Debug|Any CPU.ActiveCfg = Debug|Any CPU
		{8FF57752-AA0E-C990-2E6D-CD79FE5615B4}.Debug|Any CPU.Build.0 = Debug|Any CPU
		{8FF57752-AA0E-C990-2E6D-CD79FE5615B4}.Release|Any CPU.ActiveCfg = Release|Any CPU
		{8FF57752-AA0E-C990-2E6D-CD79FE5615B4}.Release|Any CPU.Build.0 = Release|Any CPU
	EndGlobalSection
	GlobalSection(SolutionProperties) = preSolution
		HideSolutionNode = FALSE
	EndGlobalSection
EndGlobal
